
Microsoft Visual Studio Solution File, Format Version 12.00
# Visual Studio Version 17
VisualStudioVersion = 17.0.31912.275
MinimumVisualStudioVersion = 10.0.40219.1
Project("{FAE04EC0-301F-11D3-BF4B-00C04F79EFBC}") = "WeIrDStRiNgCaSe", "WeIrDStRiNgCaSe\WeIrDStRiNgCaSe.csproj", "{3C4B0A14-8D28-4911-9BA5-007AA4B68A1D}"
EndProject
Global
	GlobalSection(SolutionConfigurationPlatforms) = preSolution
		Debug|Any CPU = Debug|Any CPU
		Release|Any CPU = Release|Any CPU
	EndGlobalSection
	GlobalSection(ProjectConfigurationPlatforms) = postSolution
		{3C4B0A14-8D28-4911-9BA5-007AA4B68A1D}.Debug|Any CPU.ActiveCfg = Debug|Any CPU
		{3C4B0A14-8D28-4911-9BA5-007AA4B68A1D}.Debug|Any CPU.Build.0 = Debug|Any CPU
		{3C4B0A14-8D28-4911-9BA5-007AA4B68A1D}.Release|Any CPU.ActiveCfg = Release|Any CPU
		{3C4B0A14-8D28-4911-9BA5-007AA4B68A1D}.Release|Any CPU.Build.0 = Release|Any CPU
	EndGlobalSection
	GlobalSection(SolutionProperties) = preSolution
		HideSolutionNode = FALSE
	EndGlobalSection
	GlobalSection(ExtensibilityGlobals) = postSolution
		SolutionGuid = {27E55CA1-A079-4E74-9AC6-EBE25F8746B3}
	EndGlobalSection
EndGlobal
