
Microsoft Visual Studio Solution File, Format Version 12.00
# Visual Studio Version 17
VisualStudioVersion = 17.0.31912.275
MinimumVisualStudioVersion = 10.0.40219.1
Project("{FAE04EC0-301F-11D3-BF4B-00C04F79EFBC}") = "SimplePigLati9n", "SimplePigLati9n\SimplePigLati9n.csproj", "{30BD1743-2D19-4070-9434-D873AB2C5D99}"
EndProject
Global
	GlobalSection(SolutionConfigurationPlatforms) = preSolution
		Debug|Any CPU = Debug|Any CPU
		Release|Any CPU = Release|Any CPU
	EndGlobalSection
	GlobalSection(ProjectConfigurationPlatforms) = postSolution
		{30BD1743-2D19-4070-9434-D873AB2C5D99}.Debug|Any CPU.ActiveCfg = Debug|Any CPU
		{30BD1743-2D19-4070-9434-D873AB2C5D99}.Debug|Any CPU.Build.0 = Debug|Any CPU
		{30BD1743-2D19-4070-9434-D873AB2C5D99}.Release|Any CPU.ActiveCfg = Release|Any CPU
		{30BD1743-2D19-4070-9434-D873AB2C5D99}.Release|Any CPU.Build.0 = Release|Any CPU
	EndGlobalSection
	GlobalSection(SolutionProperties) = preSolution
		HideSolutionNode = FALSE
	EndGlobalSection
	GlobalSection(ExtensibilityGlobals) = postSolution
		SolutionGuid = {8E67A8F0-0178-4FC8-A391-217F675994F2}
	EndGlobalSection
EndGlobal
